
Microsoft Visual Studio Solution File, Format Version 12.00
# Visual Studio Version 16
VisualStudioVersion = 16.0.31729.503
MinimumVisualStudioVersion = 10.0.40219.1
Project("{FAE04EC0-301F-11D3-BF4B-00C04F79EFBC}") = "Lab9", "Lab9\Lab9.csproj", "{C11F2B13-EF41-4441-B538-B17C0EC980D8}"
EndProject
Global
	GlobalSection(SolutionConfigurationPlatforms) = preSolution
		Debug|Any CPU = Debug|Any CPU
		Release|Any CPU = Release|Any CPU
	EndGlobalSection
	GlobalSection(ProjectConfigurationPlatforms) = postSolution
		{C11F2B13-EF41-4441-B538-B17C0EC980D8}.Debug|Any CPU.ActiveCfg = Debug|Any CPU
		{C11F2B13-EF41-4441-B538-B17C0EC980D8}.Debug|Any CPU.Build.0 = Debug|Any CPU
		{C11F2B13-EF41-4441-B538-B17C0EC980D8}.Release|Any CPU.ActiveCfg = Release|Any CPU
		{C11F2B13-EF41-4441-B538-B17C0EC980D8}.Release|Any CPU.Build.0 = Release|Any CPU
	EndGlobalSection
	GlobalSection(SolutionProperties) = preSolution
		HideSolutionNode = FALSE
	EndGlobalSection
	GlobalSection(ExtensibilityGlobals) = postSolution
		SolutionGuid = {85395833-977A-4131-9EAD-71E5E53E0A8F}
	EndGlobalSection
EndGlobal
